
Microsoft Visual Studio Solution File, Format Version 12.00
# Visual Studio Version 16
VisualStudioVersion = 16.0.30804.86
MinimumVisualStudioVersion = 10.0.40219.1
Project("{FAE04EC0-301F-11D3-BF4B-00C04F79EFBC}") = "Project_04_NumericalIntegration", "Project_04_NumericalIntegration.csproj", "{A1971891-3DD3-49C4-83D7-8B843FF3520C}"
EndProject
Global
	GlobalSection(SolutionConfigurationPlatforms) = preSolution
		Debug|Any CPU = Debug|Any CPU
		Release|Any CPU = Release|Any CPU
	EndGlobalSection
	GlobalSection(ProjectConfigurationPlatforms) = postSolution
		{A1971891-3DD3-49C4-83D7-8B843FF3520C}.Debug|Any CPU.ActiveCfg = Debug|Any CPU
		{A1971891-3DD3-49C4-83D7-8B843FF3520C}.Debug|Any CPU.Build.0 = Debug|Any CPU
		{A1971891-3DD3-49C4-83D7-8B843FF3520C}.Release|Any CPU.ActiveCfg = Release|Any CPU
		{A1971891-3DD3-49C4-83D7-8B843FF3520C}.Release|Any CPU.Build.0 = Release|Any CPU
	EndGlobalSection
	GlobalSection(SolutionProperties) = preSolution
		HideSolutionNode = FALSE
	EndGlobalSection
	GlobalSection(ExtensibilityGlobals) = postSolution
		SolutionGuid = {49705443-8821-48E0-B124-AD476E4C5A51}
	EndGlobalSection
EndGlobal
